// !$*UTF8*$!
{
	archiveVersion = 1;
	classes = {
	};
	objectVersion = 77;
	objects = {

/* Begin PBXBuildFile section */
		007CB8DA62A7A20C5D4D60C1 /* auto.jpg in Resources */ = {isa = PBXBuildFile; fileRef = 8393FA04433BBE0B25E8E19B /* auto.jpg */; };
		066EFFA314B6E4478E7047BC /* People.swift in Sources */ = {isa = PBXBuildFile; fileRef = BA09DCD3A4702F4BAF83DD54 /* People.swift */; };
		0B50ED5E3FB76BED4FE878CD /* NextCall.swift in Sources */ = {isa = PBXBuildFile; fileRef = 64A66F547E73341947BB9A56 /* NextCall.swift */; };
		100801F404358041FF508128 /* WidgetViews.swift in Sources */ = {isa = PBXBuildFile; fileRef = 16A2CFF37231C6B3F01E8B6B /* WidgetViews.swift */; };
		1865F70CDC909CB5A2E93E57 /* GardenClient.swift in Sources */ = {isa = PBXBuildFile; fileRef = CA49E9E63150F76191F55B2E /* GardenClient.swift */; };
		1AD684A150040E4A8C816D1C /* Voice.swift in Sources */ = {isa = PBXBuildFile; fileRef = 18167CF6B5FCDD716B102695 /* Voice.swift */; };
		24F04E9B59E44F183F598748 /* sample.json in Resources */ = {isa = PBXBuildFile; fileRef = C4F2997DAF5168400429633D /* sample.json */; };
		2DCBDD22BD890CC73353AA00 /* GrowthPlant.swift in Sources */ = {isa = PBXBuildFile; fileRef = EA90495EB67065F035AE6630 /* GrowthPlant.swift */; };
		317CD386896012EA5E7CBFD3 /* Library.swift in Sources */ = {isa = PBXBuildFile; fileRef = 4F7A7E10B09510149ED7D3EF /* Library.swift */; };
		3EC4AAB4C5E5E40127FCCABA /* temple.jpg in Resources */ = {isa = PBXBuildFile; fileRef = DE04792FF59D5F129A265691 /* temple.jpg */; };
		40A2585CC84434804EDA4B20 /* Models.swift in Sources */ = {isa = PBXBuildFile; fileRef = 0EE2F89990A6D40DC02179E3 /* Models.swift */; };
		555A260D10302DF8A1E90F90 /* GardenClient.swift in Sources */ = {isa = PBXBuildFile; fileRef = CA49E9E63150F76191F55B2E /* GardenClient.swift */; };
		5765ED0FCBAE6A76BDB40E4D /* village_market.jpg in Resources */ = {isa = PBXBuildFile; fileRef = DDD44163E5F4DD06C18C5343 /* village_market.jpg */; };
		59AFE9F9D7D4A58DB8B40221 /* Calls.swift in Sources */ = {isa = PBXBuildFile; fileRef = 9EA12FFD0E1003BEBBF19328 /* Calls.swift */; };
		5DEFDBE55CDBF2194B63B7D1 /* library.json in Resources */ = {isa = PBXBuildFile; fileRef = 8D3306535D662B80D6F234E9 /* library.json */; };
		67316C810A12F5BACEE77D42 /* Sheets.swift in Sources */ = {isa = PBXBuildFile; fileRef = 5E80C78AB92192EB8E6EE8A9 /* Sheets.swift */; };
		6736F65797ED37E0D746BE39 /* avakaya.jpg in Resources */ = {isa = PBXBuildFile; fileRef = 26750F714F1E407889003F78 /* avakaya.jpg */; };
		6BE42605EFF015BBADA3A9A7 /* HomeView.swift in Sources */ = {isa = PBXBuildFile; fileRef = 6FDD762CDED4DDE07A4E95DE /* HomeView.swift */; };
		6E43BD44B6179A7011385FC9 /* WeaveWidget.swift in Sources */ = {isa = PBXBuildFile; fileRef = B1CE707959FBBB1B39AABC7C /* WeaveWidget.swift */; };
		70640A5ECA2120A27B4BC257 /* WidgetViews.swift in Sources */ = {isa = PBXBuildFile; fileRef = 16A2CFF37231C6B3F01E8B6B /* WidgetViews.swift */; };
		70FDECDCD370209A8536971E /* lexicon.json in Resources */ = {isa = PBXBuildFile; fileRef = A7C0A1EE438B7674868A9965 /* lexicon.json */; };
		79EB066CC2889E08E964BEED /* SessionView.swift in Sources */ = {isa = PBXBuildFile; fileRef = F28BE33DB5A492CA2B6D40A2 /* SessionView.swift */; };
		7A72B89572FBDE19AB953773 /* Calls.swift in Sources */ = {isa = PBXBuildFile; fileRef = 9EA12FFD0E1003BEBBF19328 /* Calls.swift */; };
		7BD8917337D00D8CB5E47F3D /* Assets.xcassets in Resources */ = {isa = PBXBuildFile; fileRef = FF31E4BA926D699E444FA671 /* Assets.xcassets */; };
		7EFD156CE697A16537541064 /* Starters.swift in Sources */ = {isa = PBXBuildFile; fileRef = CFD0C7A52A4153505A102159 /* Starters.swift */; };
		804531FF46F64CB5FE98492B /* Starters.swift in Sources */ = {isa = PBXBuildFile; fileRef = CFD0C7A52A4153505A102159 /* Starters.swift */; };
		85A54FCBECE98BCDE2C550C4 /* pulihora.jpg in Resources */ = {isa = PBXBuildFile; fileRef = BCBD1AB51C1998B142963103 /* pulihora.jpg */; };
		8E533B26B4DA0102C00490FB /* WidgetGallery.swift in Sources */ = {isa = PBXBuildFile; fileRef = 85C41142AB362B5CC3AE2606 /* WidgetGallery.swift */; };
		8F30AB8AF0918A57669E8198 /* Conversation.swift in Sources */ = {isa = PBXBuildFile; fileRef = C025C6466A7485D1EA6440FB /* Conversation.swift */; };
		93ABD8F146F9E4B013C496A1 /* sample.json in Resources */ = {isa = PBXBuildFile; fileRef = C4F2997DAF5168400429633D /* sample.json */; };
		AAAE5E203BE4CE529ACD8D85 /* sankranti.jpg in Resources */ = {isa = PBXBuildFile; fileRef = D15366E4F735AA36924E34A7 /* sankranti.jpg */; };
		AEA434A867EBA8CBAAACB941 /* WeaveWidget.appex in Embed Foundation Extensions */ = {isa = PBXBuildFile; fileRef = 1DEE5E944411384A95F20313 /* WeaveWidget.appex */; settings = {ATTRIBUTES = (RemoveHeadersOnCopy, ); }; };
		C6E1C67FF1B41ED9B2AB4493 /* Theme.swift in Sources */ = {isa = PBXBuildFile; fileRef = 6265F4E61DEC63A2D3490E48 /* Theme.swift */; };
		CE6015C3C12AF0CF15A21999 /* Models.swift in Sources */ = {isa = PBXBuildFile; fileRef = 0EE2F89990A6D40DC02179E3 /* Models.swift */; };
		D60420947A78B0E484A16A59 /* paddy_field.jpg in Resources */ = {isa = PBXBuildFile; fileRef = BF64DAEE0CDE0F215E173577 /* paddy_field.jpg */; };
		DA65F17F2D34D15B3AF6B366 /* call_script.json in Resources */ = {isa = PBXBuildFile; fileRef = 6AFB1B3C027FA2D5654E5BBF /* call_script.json */; };
		DBAB1F7FC2C66D6B92F1CEE5 /* Theme.swift in Sources */ = {isa = PBXBuildFile; fileRef = 6265F4E61DEC63A2D3490E48 /* Theme.swift */; };
		EDDA4825BA7D70C23331097C /* AddWidgetTests.swift in Sources */ = {isa = PBXBuildFile; fileRef = 8639B12146483969622FD4DD /* AddWidgetTests.swift */; };
		F4514ED754A76F7D724D692B /* WeaveApp.swift in Sources */ = {isa = PBXBuildFile; fileRef = 23D82F8D87E320B4DCC5A459 /* WeaveApp.swift */; };
		FB5BC11F6127A4556B980964 /* SettingsView.swift in Sources */ = {isa = PBXBuildFile; fileRef = 2456D6508AC6B52E4F48356E /* SettingsView.swift */; };
		FCF570FBCF5C3D13BAF5A477 /* CallView.swift in Sources */ = {isa = PBXBuildFile; fileRef = DCF1C13224B90E8752059123 /* CallView.swift */; };
		FDA5E50FED1AF2FFB74F8800 /* mango.jpg in Resources */ = {isa = PBXBuildFile; fileRef = BEC9D25A00490949692A7804 /* mango.jpg */; };
/* End PBXBuildFile section */

/* Begin PBXContainerItemProxy section */
		031C2B01903179AFF024CFAE /* PBXContainerItemProxy */ = {
			isa = PBXContainerItemProxy;
			containerPortal = 47A32A8B085F929D0C504AD7 /* Project object */;
			proxyType = 1;
			remoteGlobalIDString = C9A7AEDF6785F3826D435D8A;
			remoteInfo = WeaveWidget;
		};
		155CEF8619BAE1D388EC6232 /* PBXContainerItemProxy */ = {
			isa = PBXContainerItemProxy;
			containerPortal = 47A32A8B085F929D0C504AD7 /* Project object */;
			proxyType = 1;
			remoteGlobalIDString = 792EEE757F8D8272CD94E633;
			remoteInfo = Weave;
		};
/* End PBXContainerItemProxy section */

/* Begin PBXCopyFilesBuildPhase section */
		759AB1D463CE989E32273DF9 /* Embed Foundation Extensions */ = {
			isa = PBXCopyFilesBuildPhase;
			buildActionMask = 2147483647;
			dstPath = "";
			dstSubfolderSpec = 13;
			files = (
				AEA434A867EBA8CBAAACB941 /* WeaveWidget.appex in Embed Foundation Extensions */,
			);
			name = "Embed Foundation Extensions";
			runOnlyForDeploymentPostprocessing = 0;
		};
/* End PBXCopyFilesBuildPhase section */

/* Begin PBXFileReference section */
		0EE2F89990A6D40DC02179E3 /* Models.swift */ = {isa = PBXFileReference; lastKnownFileType = sourcecode.swift; path = Models.swift; sourceTree = "<group>"; };
		16A2CFF37231C6B3F01E8B6B /* WidgetViews.swift */ = {isa = PBXFileReference; lastKnownFileType = sourcecode.swift; path = WidgetViews.swift; sourceTree = "<group>"; };
		16BB7E3510DC13AC51A5EAF7 /* WeaveWidget.entitlements */ = {isa = PBXFileReference; lastKnownFileType = text.plist.entitlements; path = WeaveWidget.entitlements; sourceTree = "<group>"; };
		18167CF6B5FCDD716B102695 /* Voice.swift */ = {isa = PBXFileReference; lastKnownFileType = sourcecode.swift; path = Voice.swift; sourceTree = "<group>"; };
		1DEE5E944411384A95F20313 /* WeaveWidget.appex */ = {isa = PBXFileReference; includeInIndex = 0; lastKnownFileType = "wrapper.app-extension"; path = WeaveWidget.appex; sourceTree = BUILT_PRODUCTS_DIR; };
		23D82F8D87E320B4DCC5A459 /* WeaveApp.swift */ = {isa = PBXFileReference; lastKnownFileType = sourcecode.swift; path = WeaveApp.swift; sourceTree = "<group>"; };
		2456D6508AC6B52E4F48356E /* SettingsView.swift */ = {isa = PBXFileReference; lastKnownFileType = sourcecode.swift; path = SettingsView.swift; sourceTree = "<group>"; };
		26750F714F1E407889003F78 /* avakaya.jpg */ = {isa = PBXFileReference; lastKnownFileType = image.jpeg; path = avakaya.jpg; sourceTree = "<group>"; };
		4F7A7E10B09510149ED7D3EF /* Library.swift */ = {isa = PBXFileReference; lastKnownFileType = sourcecode.swift; path = Library.swift; sourceTree = "<group>"; };
		5E80C78AB92192EB8E6EE8A9 /* Sheets.swift */ = {isa = PBXFileReference; lastKnownFileType = sourcecode.swift; path = Sheets.swift; sourceTree = "<group>"; };
		6265F4E61DEC63A2D3490E48 /* Theme.swift */ = {isa = PBXFileReference; lastKnownFileType = sourcecode.swift; path = Theme.swift; sourceTree = "<group>"; };
		64A66F547E73341947BB9A56 /* NextCall.swift */ = {isa = PBXFileReference; lastKnownFileType = sourcecode.swift; path = NextCall.swift; sourceTree = "<group>"; };
		684E6470AC706B79CD69A77D /* Weave.entitlements */ = {isa = PBXFileReference; lastKnownFileType = text.plist.entitlements; path = Weave.entitlements; sourceTree = "<group>"; };
		6AFB1B3C027FA2D5654E5BBF /* call_script.json */ = {isa = PBXFileReference; lastKnownFileType = text.json; path = call_script.json; sourceTree = "<group>"; };
		6FDD762CDED4DDE07A4E95DE /* HomeView.swift */ = {isa = PBXFileReference; lastKnownFileType = sourcecode.swift; path = HomeView.swift; sourceTree = "<group>"; };
		777A0BC4EEA3784608A5BC2E /* Info.plist */ = {isa = PBXFileReference; lastKnownFileType = text.plist; path = Info.plist; sourceTree = "<group>"; };
		7C22A8E33AB1D594A711B386 /* WeaveUITests.xctest */ = {isa = PBXFileReference; includeInIndex = 0; lastKnownFileType = wrapper.cfbundle; path = WeaveUITests.xctest; sourceTree = BUILT_PRODUCTS_DIR; };
		8393FA04433BBE0B25E8E19B /* auto.jpg */ = {isa = PBXFileReference; lastKnownFileType = image.jpeg; path = auto.jpg; sourceTree = "<group>"; };
		85C41142AB362B5CC3AE2606 /* WidgetGallery.swift */ = {isa = PBXFileReference; lastKnownFileType = sourcecode.swift; path = WidgetGallery.swift; sourceTree = "<group>"; };
		8639B12146483969622FD4DD /* AddWidgetTests.swift */ = {isa = PBXFileReference; lastKnownFileType = sourcecode.swift; path = AddWidgetTests.swift; sourceTree = "<group>"; };
		8D3306535D662B80D6F234E9 /* library.json */ = {isa = PBXFileReference; lastKnownFileType = text.json; path = library.json; sourceTree = "<group>"; };
		907DB5FC148FBBFE686B1216 /* Weave.app */ = {isa = PBXFileReference; includeInIndex = 0; lastKnownFileType = wrapper.application; path = Weave.app; sourceTree = BUILT_PRODUCTS_DIR; };
		9EA12FFD0E1003BEBBF19328 /* Calls.swift */ = {isa = PBXFileReference; lastKnownFileType = sourcecode.swift; path = Calls.swift; sourceTree = "<group>"; };
		A5A64500F6375BA3CEC5B21B /* Info.plist */ = {isa = PBXFileReference; lastKnownFileType = text.plist; path = Info.plist; sourceTree = "<group>"; };
		A7C0A1EE438B7674868A9965 /* lexicon.json */ = {isa = PBXFileReference; lastKnownFileType = text.json; path = lexicon.json; sourceTree = "<group>"; };
		B1CE707959FBBB1B39AABC7C /* WeaveWidget.swift */ = {isa = PBXFileReference; lastKnownFileType = sourcecode.swift; path = WeaveWidget.swift; sourceTree = "<group>"; };
		BA09DCD3A4702F4BAF83DD54 /* People.swift */ = {isa = PBXFileReference; lastKnownFileType = sourcecode.swift; path = People.swift; sourceTree = "<group>"; };
		BCBD1AB51C1998B142963103 /* pulihora.jpg */ = {isa = PBXFileReference; lastKnownFileType = image.jpeg; path = pulihora.jpg; sourceTree = "<group>"; };
		BEC9D25A00490949692A7804 /* mango.jpg */ = {isa = PBXFileReference; lastKnownFileType = image.jpeg; path = mango.jpg; sourceTree = "<group>"; };
		BF64DAEE0CDE0F215E173577 /* paddy_field.jpg */ = {isa = PBXFileReference; lastKnownFileType = image.jpeg; path = paddy_field.jpg; sourceTree = "<group>"; };
		C025C6466A7485D1EA6440FB /* Conversation.swift */ = {isa = PBXFileReference; lastKnownFileType = sourcecode.swift; path = Conversation.swift; sourceTree = "<group>"; };
		C4F2997DAF5168400429633D /* sample.json */ = {isa = PBXFileReference; lastKnownFileType = text.json; path = sample.json; sourceTree = "<group>"; };
		CA49E9E63150F76191F55B2E /* GardenClient.swift */ = {isa = PBXFileReference; lastKnownFileType = sourcecode.swift; path = GardenClient.swift; sourceTree = "<group>"; };
		CFD0C7A52A4153505A102159 /* Starters.swift */ = {isa = PBXFileReference; lastKnownFileType = sourcecode.swift; path = Starters.swift; sourceTree = "<group>"; };
		D15366E4F735AA36924E34A7 /* sankranti.jpg */ = {isa = PBXFileReference; lastKnownFileType = image.jpeg; path = sankranti.jpg; sourceTree = "<group>"; };
		DCF1C13224B90E8752059123 /* CallView.swift */ = {isa = PBXFileReference; lastKnownFileType = sourcecode.swift; path = CallView.swift; sourceTree = "<group>"; };
		DDD44163E5F4DD06C18C5343 /* village_market.jpg */ = {isa = PBXFileReference; lastKnownFileType = image.jpeg; path = village_market.jpg; sourceTree = "<group>"; };
		DE04792FF59D5F129A265691 /* temple.jpg */ = {isa = PBXFileReference; lastKnownFileType = image.jpeg; path = temple.jpg; sourceTree = "<group>"; };
		EA90495EB67065F035AE6630 /* GrowthPlant.swift */ = {isa = PBXFileReference; lastKnownFileType = sourcecode.swift; path = GrowthPlant.swift; sourceTree = "<group>"; };
		F28BE33DB5A492CA2B6D40A2 /* SessionView.swift */ = {isa = PBXFileReference; lastKnownFileType = sourcecode.swift; path = SessionView.swift; sourceTree = "<group>"; };
		FF31E4BA926D699E444FA671 /* Assets.xcassets */ = {isa = PBXFileReference; lastKnownFileType = folder.assetcatalog; path = Assets.xcassets; sourceTree = "<group>"; };
/* End PBXFileReference section */

/* Begin PBXGroup section */
		19F9C243DD5F7A88028EF262 /* WeaveWidget */ = {
			isa = PBXGroup;
			children = (
				777A0BC4EEA3784608A5BC2E /* Info.plist */,
				16BB7E3510DC13AC51A5EAF7 /* WeaveWidget.entitlements */,
				B1CE707959FBBB1B39AABC7C /* WeaveWidget.swift */,
			);
			path = WeaveWidget;
			sourceTree = "<group>";
		};
		24DC0AB0FB8EF8F03F340D8E = {
			isa = PBXGroup;
			children = (
				E002529DD7B482CA44E69FB9 /* hackgt-13 */,
				623888A265E4E6EF8DAFBBBE /* Shared */,
				EA0135A23D111815198F83EE /* Weave */,
				5142891431676226D310FF43 /* WeaveUITests */,
				19F9C243DD5F7A88028EF262 /* WeaveWidget */,
				D9C70DCC9623745D89F1B6D5 /* Products */,
			);
			sourceTree = "<group>";
		};
		5142891431676226D310FF43 /* WeaveUITests */ = {
			isa = PBXGroup;
			children = (
				8639B12146483969622FD4DD /* AddWidgetTests.swift */,
			);
			path = WeaveUITests;
			sourceTree = "<group>";
		};
		623888A265E4E6EF8DAFBBBE /* Shared */ = {
			isa = PBXGroup;
			children = (
				9EA12FFD0E1003BEBBF19328 /* Calls.swift */,
				CA49E9E63150F76191F55B2E /* GardenClient.swift */,
				0EE2F89990A6D40DC02179E3 /* Models.swift */,
				C4F2997DAF5168400429633D /* sample.json */,
				CFD0C7A52A4153505A102159 /* Starters.swift */,
				6265F4E61DEC63A2D3490E48 /* Theme.swift */,
				16A2CFF37231C6B3F01E8B6B /* WidgetViews.swift */,
			);
			path = Shared;
			sourceTree = "<group>";
		};
		665E7DC6A451220B72E756B1 /* samples */ = {
			isa = PBXGroup;
			children = (
				6AFB1B3C027FA2D5654E5BBF /* call_script.json */,
			);
			path = samples;
			sourceTree = "<group>";
		};
		AE26BFF384AFAF3A00314696 /* images */ = {
			isa = PBXGroup;
			children = (
				8393FA04433BBE0B25E8E19B /* auto.jpg */,
				26750F714F1E407889003F78 /* avakaya.jpg */,
				8D3306535D662B80D6F234E9 /* library.json */,
				BEC9D25A00490949692A7804 /* mango.jpg */,
				BF64DAEE0CDE0F215E173577 /* paddy_field.jpg */,
				BCBD1AB51C1998B142963103 /* pulihora.jpg */,
				D15366E4F735AA36924E34A7 /* sankranti.jpg */,
				DE04792FF59D5F129A265691 /* temple.jpg */,
				DDD44163E5F4DD06C18C5343 /* village_market.jpg */,
			);
			path = images;
			sourceTree = "<group>";
		};
		D9C70DCC9623745D89F1B6D5 /* Products */ = {
			isa = PBXGroup;
			children = (
				907DB5FC148FBBFE686B1216 /* Weave.app */,
				7C22A8E33AB1D594A711B386 /* WeaveUITests.xctest */,
				1DEE5E944411384A95F20313 /* WeaveWidget.appex */,
			);
			name = Products;
			sourceTree = "<group>";
		};
		E002529DD7B482CA44E69FB9 /* hackgt-13 */ = {
			isa = PBXGroup;
			children = (
				A7C0A1EE438B7674868A9965 /* lexicon.json */,
				AE26BFF384AFAF3A00314696 /* images */,
				665E7DC6A451220B72E756B1 /* samples */,
			);
			name = "hackgt-13";
			path = ../..;
			sourceTree = "<group>";
		};
		EA0135A23D111815198F83EE /* Weave */ = {
			isa = PBXGroup;
			children = (
				FF31E4BA926D699E444FA671 /* Assets.xcassets */,
				DCF1C13224B90E8752059123 /* CallView.swift */,
				C025C6466A7485D1EA6440FB /* Conversation.swift */,
				EA90495EB67065F035AE6630 /* GrowthPlant.swift */,
				6FDD762CDED4DDE07A4E95DE /* HomeView.swift */,
				A5A64500F6375BA3CEC5B21B /* Info.plist */,
				4F7A7E10B09510149ED7D3EF /* Library.swift */,
				64A66F547E73341947BB9A56 /* NextCall.swift */,
				BA09DCD3A4702F4BAF83DD54 /* People.swift */,
				F28BE33DB5A492CA2B6D40A2 /* SessionView.swift */,
				2456D6508AC6B52E4F48356E /* SettingsView.swift */,
				5E80C78AB92192EB8E6EE8A9 /* Sheets.swift */,
				18167CF6B5FCDD716B102695 /* Voice.swift */,
				684E6470AC706B79CD69A77D /* Weave.entitlements */,
				23D82F8D87E320B4DCC5A459 /* WeaveApp.swift */,
				85C41142AB362B5CC3AE2606 /* WidgetGallery.swift */,
			);
			path = Weave;
			sourceTree = "<group>";
		};
/* End PBXGroup section */

/* Begin PBXNativeTarget section */
		6397FEF34A915D4226268FED /* WeaveUITests */ = {
			isa = PBXNativeTarget;
			buildConfigurationList = D9429048AD0514396CB04327 /* Build configuration list for PBXNativeTarget "WeaveUITests" */;
			buildPhases = (
				AD5E21A7F48E52230A835811 /* Sources */,
			);
			buildRules = (
			);
			dependencies = (
				C81BC8B04A1C825A02CEF7AF /* PBXTargetDependency */,
			);
			name = WeaveUITests;
			packageProductDependencies = (
			);
			productName = WeaveUITests;
			productReference = 7C22A8E33AB1D594A711B386 /* WeaveUITests.xctest */;
			productType = "com.apple.product-type.bundle.ui-testing";
		};
		792EEE757F8D8272CD94E633 /* Weave */ = {
			isa = PBXNativeTarget;
			buildConfigurationList = 0A33ABAEC3608D32225D37C7 /* Build configuration list for PBXNativeTarget "Weave" */;
			buildPhases = (
				37DD7839884718DBB6D7E01E /* Sources */,
				6DE3B9AC8EEF3C2C3CF4FB3A /* Resources */,
				759AB1D463CE989E32273DF9 /* Embed Foundation Extensions */,
			);
			buildRules = (
			);
			dependencies = (
				A8E034258737E750D0842B21 /* PBXTargetDependency */,
			);
			name = Weave;
			packageProductDependencies = (
			);
			productName = Weave;
			productReference = 907DB5FC148FBBFE686B1216 /* Weave.app */;
			productType = "com.apple.product-type.application";
		};
		C9A7AEDF6785F3826D435D8A /* WeaveWidget */ = {
			isa = PBXNativeTarget;
			buildConfigurationList = 132781DA7C476CC0AB8FA000 /* Build configuration list for PBXNativeTarget "WeaveWidget" */;
			buildPhases = (
				67B8DC3181D88183F9D7FC9B /* Sources */,
				CA50B430826EE51046F1E51C /* Resources */,
			);
			buildRules = (
			);
			dependencies = (
			);
			name = WeaveWidget;
			packageProductDependencies = (
			);
			productName = WeaveWidget;
			productReference = 1DEE5E944411384A95F20313 /* WeaveWidget.appex */;
			productType = "com.apple.product-type.app-extension";
		};
/* End PBXNativeTarget section */

/* Begin PBXProject section */
		47A32A8B085F929D0C504AD7 /* Project object */ = {
			isa = PBXProject;
			attributes = {
				BuildIndependentTargetsInParallel = YES;
				LastUpgradeCheck = 1430;
				TargetAttributes = {
					6397FEF34A915D4226268FED = {
						DevelopmentTeam = "";
						ProvisioningStyle = Automatic;
						TestTargetID = 792EEE757F8D8272CD94E633;
					};
					792EEE757F8D8272CD94E633 = {
						DevelopmentTeam = "";
						ProvisioningStyle = Automatic;
					};
					C9A7AEDF6785F3826D435D8A = {
						DevelopmentTeam = "";
						ProvisioningStyle = Automatic;
					};
				};
			};
			buildConfigurationList = FE709B8EF498FA4385D1785E /* Build configuration list for PBXProject "Weave" */;
			developmentRegion = en;
			hasScannedForEncodings = 0;
			knownRegions = (
				Base,
				en,
			);
			mainGroup = 24DC0AB0FB8EF8F03F340D8E;
			minimizedProjectReferenceProxies = 1;
			preferredProjectObjectVersion = 77;
			productRefGroup = D9C70DCC9623745D89F1B6D5 /* Products */;
			projectDirPath = "";
			projectRoot = "";
			targets = (
				792EEE757F8D8272CD94E633 /* Weave */,
				C9A7AEDF6785F3826D435D8A /* WeaveWidget */,
				6397FEF34A915D4226268FED /* WeaveUITests */,
			);
		};
/* End PBXProject section */

/* Begin PBXResourcesBuildPhase section */
		6DE3B9AC8EEF3C2C3CF4FB3A /* Resources */ = {
			isa = PBXResourcesBuildPhase;
			buildActionMask = 2147483647;
			files = (
				7BD8917337D00D8CB5E47F3D /* Assets.xcassets in Resources */,
				007CB8DA62A7A20C5D4D60C1 /* auto.jpg in Resources */,
				6736F65797ED37E0D746BE39 /* avakaya.jpg in Resources */,
				DA65F17F2D34D15B3AF6B366 /* call_script.json in Resources */,
				70FDECDCD370209A8536971E /* lexicon.json in Resources */,
				5DEFDBE55CDBF2194B63B7D1 /* library.json in Resources */,
				FDA5E50FED1AF2FFB74F8800 /* mango.jpg in Resources */,
				D60420947A78B0E484A16A59 /* paddy_field.jpg in Resources */,
				85A54FCBECE98BCDE2C550C4 /* pulihora.jpg in Resources */,
				24F04E9B59E44F183F598748 /* sample.json in Resources */,
				AAAE5E203BE4CE529ACD8D85 /* sankranti.jpg in Resources */,
				3EC4AAB4C5E5E40127FCCABA /* temple.jpg in Resources */,
				5765ED0FCBAE6A76BDB40E4D /* village_market.jpg in Resources */,
			);
			runOnlyForDeploymentPostprocessing = 0;
		};
		CA50B430826EE51046F1E51C /* Resources */ = {
			isa = PBXResourcesBuildPhase;
			buildActionMask = 2147483647;
			files = (
				93ABD8F146F9E4B013C496A1 /* sample.json in Resources */,
			);
			runOnlyForDeploymentPostprocessing = 0;
		};
/* End PBXResourcesBuildPhase section */

/* Begin PBXSourcesBuildPhase section */
		37DD7839884718DBB6D7E01E /* Sources */ = {
			isa = PBXSourcesBuildPhase;
			buildActionMask = 2147483647;
			files = (
				FCF570FBCF5C3D13BAF5A477 /* CallView.swift in Sources */,
				59AFE9F9D7D4A58DB8B40221 /* Calls.swift in Sources */,
				8F30AB8AF0918A57669E8198 /* Conversation.swift in Sources */,
				555A260D10302DF8A1E90F90 /* GardenClient.swift in Sources */,
				2DCBDD22BD890CC73353AA00 /* GrowthPlant.swift in Sources */,
				6BE42605EFF015BBADA3A9A7 /* HomeView.swift in Sources */,
				317CD386896012EA5E7CBFD3 /* Library.swift in Sources */,
				40A2585CC84434804EDA4B20 /* Models.swift in Sources */,
				0B50ED5E3FB76BED4FE878CD /* NextCall.swift in Sources */,
				066EFFA314B6E4478E7047BC /* People.swift in Sources */,
				79EB066CC2889E08E964BEED /* SessionView.swift in Sources */,
				FB5BC11F6127A4556B980964 /* SettingsView.swift in Sources */,
				67316C810A12F5BACEE77D42 /* Sheets.swift in Sources */,
				804531FF46F64CB5FE98492B /* Starters.swift in Sources */,
				DBAB1F7FC2C66D6B92F1CEE5 /* Theme.swift in Sources */,
				1AD684A150040E4A8C816D1C /* Voice.swift in Sources */,
				F4514ED754A76F7D724D692B /* WeaveApp.swift in Sources */,
				8E533B26B4DA0102C00490FB /* WidgetGallery.swift in Sources */,
				70640A5ECA2120A27B4BC257 /* WidgetViews.swift in Sources */,
			);
			runOnlyForDeploymentPostprocessing = 0;
		};
		67B8DC3181D88183F9D7FC9B /* Sources */ = {
			isa = PBXSourcesBuildPhase;
			buildActionMask = 2147483647;
			files = (
				7A72B89572FBDE19AB953773 /* Calls.swift in Sources */,
				1865F70CDC909CB5A2E93E57 /* GardenClient.swift in Sources */,
				CE6015C3C12AF0CF15A21999 /* Models.swift in Sources */,
				7EFD156CE697A16537541064 /* Starters.swift in Sources */,
				C6E1C67FF1B41ED9B2AB4493 /* Theme.swift in Sources */,
				6E43BD44B6179A7011385FC9 /* WeaveWidget.swift in Sources */,
				100801F404358041FF508128 /* WidgetViews.swift in Sources */,
			);
			runOnlyForDeploymentPostprocessing = 0;
		};
		AD5E21A7F48E52230A835811 /* Sources */ = {
			isa = PBXSourcesBuildPhase;
			buildActionMask = 2147483647;
			files = (
				EDDA4825BA7D70C23331097C /* AddWidgetTests.swift in Sources */,
			);
			runOnlyForDeploymentPostprocessing = 0;
		};
/* End PBXSourcesBuildPhase section */

/* Begin PBXTargetDependency section */
		A8E034258737E750D0842B21 /* PBXTargetDependency */ = {
			isa = PBXTargetDependency;
			target = C9A7AEDF6785F3826D435D8A /* WeaveWidget */;
			targetProxy = 031C2B01903179AFF024CFAE /* PBXContainerItemProxy */;
		};
		C81BC8B04A1C825A02CEF7AF /* PBXTargetDependency */ = {
			isa = PBXTargetDependency;
			target = 792EEE757F8D8272CD94E633 /* Weave */;
			targetProxy = 155CEF8619BAE1D388EC6232 /* PBXContainerItemProxy */;
		};
/* End PBXTargetDependency section */

/* Begin XCBuildConfiguration section */
		0B9E0915EA5663DECA527A6B /* Debug */ = {
			isa = XCBuildConfiguration;
			buildSettings = {
				BUNDLE_LOADER = "$(TEST_HOST)";
				GENERATE_INFOPLIST_FILE = YES;
				LD_RUNPATH_SEARCH_PATHS = (
					"$(inherited)",
					"@executable_path/Frameworks",
					"@loader_path/Frameworks",
				);
				PRODUCT_BUNDLE_IDENTIFIER = com.weave.garden.uitests;
				SDKROOT = iphoneos;
				TARGETED_DEVICE_FAMILY = "1,2";
				TEST_TARGET_NAME = Weave;
			};
			name = Debug;
		};
		1DD1B576BC4E94A14C76960D /* Debug */ = {
			isa = XCBuildConfiguration;
			buildSettings = {
				ASSETCATALOG_COMPILER_APPICON_NAME = AppIcon;
				CODE_SIGN_ENTITLEMENTS = Weave/Weave.entitlements;
				CODE_SIGN_IDENTITY = "iPhone Developer";
				INFOPLIST_FILE = Weave/Info.plist;
				LD_RUNPATH_SEARCH_PATHS = (
					"$(inherited)",
					"@executable_path/Frameworks",
				);
				PRODUCT_BUNDLE_IDENTIFIER = com.weave.garden;
				SDKROOT = iphoneos;
				TARGETED_DEVICE_FAMILY = 1;
			};
			name = Debug;
		};
		6860444FB892A0ECF8F650A1 /* Release */ = {
			isa = XCBuildConfiguration;
			buildSettings = {
				ASSETCATALOG_COMPILER_APPICON_NAME = AppIcon;
				CODE_SIGN_ENTITLEMENTS = Weave/Weave.entitlements;
				CODE_SIGN_IDENTITY = "iPhone Developer";
				INFOPLIST_FILE = Weave/Info.plist;
				LD_RUNPATH_SEARCH_PATHS = (
					"$(inherited)",
					"@executable_path/Frameworks",
				);
				PRODUCT_BUNDLE_IDENTIFIER = com.weave.garden;
				SDKROOT = iphoneos;
				TARGETED_DEVICE_FAMILY = 1;
			};
			name = Release;
		};
		73BE6F0E75F769471E917290 /* Debug */ = {
			isa = XCBuildConfiguration;
			buildSettings = {
				CODE_SIGN_ENTITLEMENTS = WeaveWidget/WeaveWidget.entitlements;
				INFOPLIST_FILE = WeaveWidget/Info.plist;
				LD_RUNPATH_SEARCH_PATHS = (
					"$(inherited)",
					"@executable_path/Frameworks",
					"@executable_path/../../Frameworks",
				);
				PRODUCT_BUNDLE_IDENTIFIER = com.weave.garden.widget;
				SDKROOT = iphoneos;
				TARGETED_DEVICE_FAMILY = 1;
			};
			name = Debug;
		};
		8777FF7C9E93B6C976BF1865 /* Release */ = {
			isa = XCBuildConfiguration;
			buildSettings = {
				ALWAYS_SEARCH_USER_PATHS = NO;
				CLANG_ANALYZER_NONNULL = YES;
				CLANG_ANALYZER_NUMBER_OBJECT_CONVERSION = YES_AGGRESSIVE;
				CLANG_CXX_LANGUAGE_STANDARD = "gnu++14";
				CLANG_CXX_LIBRARY = "libc++";
				CLANG_ENABLE_MODULES = YES;
				CLANG_ENABLE_OBJC_ARC = YES;
				CLANG_ENABLE_OBJC_WEAK = YES;
				CLANG_WARN_BLOCK_CAPTURE_AUTORELEASING = YES;
				CLANG_WARN_BOOL_CONVERSION = YES;
				CLANG_WARN_COMMA = YES;
				CLANG_WARN_CONSTANT_CONVERSION = YES;
				CLANG_WARN_DEPRECATED_OBJC_IMPLEMENTATIONS = YES;
				CLANG_WARN_DIRECT_OBJC_ISA_USAGE = YES_ERROR;
				CLANG_WARN_DOCUMENTATION_COMMENTS = YES;
				CLANG_WARN_EMPTY_BODY = YES;
				CLANG_WARN_ENUM_CONVERSION = YES;
				CLANG_WARN_INFINITE_RECURSION = YES;
				CLANG_WARN_INT_CONVERSION = YES;
				CLANG_WARN_NON_LITERAL_NULL_CONVERSION = YES;
				CLANG_WARN_OBJC_IMPLICIT_RETAIN_SELF = YES;
				CLANG_WARN_OBJC_LITERAL_CONVERSION = YES;
				CLANG_WARN_OBJC_ROOT_CLASS = YES_ERROR;
				CLANG_WARN_QUOTED_INCLUDE_IN_FRAMEWORK_HEADER = YES;
				CLANG_WARN_RANGE_LOOP_ANALYSIS = YES;
				CLANG_WARN_STRICT_PROTOTYPES = YES;
				CLANG_WARN_SUSPICIOUS_MOVE = YES;
				CLANG_WARN_UNGUARDED_AVAILABILITY = YES_AGGRESSIVE;
				CLANG_WARN_UNREACHABLE_CODE = YES;
				CLANG_WARN__DUPLICATE_METHOD_MATCH = YES;
				CODE_SIGN_STYLE = Automatic;
				COPY_PHASE_STRIP = NO;
				CURRENT_PROJECT_VERSION = 1;
				DEBUG_INFORMATION_FORMAT = "dwarf-with-dsym";
				DEVELOPMENT_TEAM = "";
				ENABLE_NS_ASSERTIONS = NO;
				ENABLE_STRICT_OBJC_MSGSEND = YES;
				GCC_C_LANGUAGE_STANDARD = gnu11;
				GCC_NO_COMMON_BLOCKS = YES;
				GCC_WARN_64_TO_32_BIT_CONVERSION = YES;
				GCC_WARN_ABOUT_RETURN_TYPE = YES_ERROR;
				GCC_WARN_UNDECLARED_SELECTOR = YES;
				GCC_WARN_UNINITIALIZED_AUTOS = YES_AGGRESSIVE;
				GCC_WARN_UNUSED_FUNCTION = YES;
				GCC_WARN_UNUSED_VARIABLE = YES;
				IPHONEOS_DEPLOYMENT_TARGET = 17.0;
				MARKETING_VERSION = 1.0;
				MTL_ENABLE_DEBUG_INFO = NO;
				MTL_FAST_MATH = YES;
				PRODUCT_NAME = "$(TARGET_NAME)";
				SDKROOT = iphoneos;
				SWIFT_COMPILATION_MODE = wholemodule;
				SWIFT_OPTIMIZATION_LEVEL = "-O";
				SWIFT_VERSION = 5.0;
			};
			name = Release;
		};
		A457647A3021384FD94E713E /* Release */ = {
			isa = XCBuildConfiguration;
			buildSettings = {
				CODE_SIGN_ENTITLEMENTS = WeaveWidget/WeaveWidget.entitlements;
				INFOPLIST_FILE = WeaveWidget/Info.plist;
				LD_RUNPATH_SEARCH_PATHS = (
					"$(inherited)",
					"@executable_path/Frameworks",
					"@executable_path/../../Frameworks",
				);
				PRODUCT_BUNDLE_IDENTIFIER = com.weave.garden.widget;
				SDKROOT = iphoneos;
				TARGETED_DEVICE_FAMILY = 1;
			};
			name = Release;
		};
		C55D069A55210EE2B3624E6B /* Release */ = {
			isa = XCBuildConfiguration;
			buildSettings = {
				BUNDLE_LOADER = "$(TEST_HOST)";
				GENERATE_INFOPLIST_FILE = YES;
				LD_RUNPATH_SEARCH_PATHS = (
					"$(inherited)",
					"@executable_path/Frameworks",
					"@loader_path/Frameworks",
				);
				PRODUCT_BUNDLE_IDENTIFIER = com.weave.garden.uitests;
				SDKROOT = iphoneos;
				TARGETED_DEVICE_FAMILY = "1,2";
				TEST_TARGET_NAME = Weave;
			};
			name = Release;
		};
		CFF2C4F1D5F1C76D0BC99B2B /* Debug */ = {
			isa = XCBuildConfiguration;
			buildSettings = {
				ALWAYS_SEARCH_USER_PATHS = NO;
				CLANG_ANALYZER_NONNULL = YES;
				CLANG_ANALYZER_NUMBER_OBJECT_CONVERSION = YES_AGGRESSIVE;
				CLANG_CXX_LANGUAGE_STANDARD = "gnu++14";
				CLANG_CXX_LIBRARY = "libc++";
				CLANG_ENABLE_MODULES = YES;
				CLANG_ENABLE_OBJC_ARC = YES;
				CLANG_ENABLE_OBJC_WEAK = YES;
				CLANG_WARN_BLOCK_CAPTURE_AUTORELEASING = YES;
				CLANG_WARN_BOOL_CONVERSION = YES;
				CLANG_WARN_COMMA = YES;
				CLANG_WARN_CONSTANT_CONVERSION = YES;
				CLANG_WARN_DEPRECATED_OBJC_IMPLEMENTATIONS = YES;
				CLANG_WARN_DIRECT_OBJC_ISA_USAGE = YES_ERROR;
				CLANG_WARN_DOCUMENTATION_COMMENTS = YES;
				CLANG_WARN_EMPTY_BODY = YES;
				CLANG_WARN_ENUM_CONVERSION = YES;
				CLANG_WARN_INFINITE_RECURSION = YES;
				CLANG_WARN_INT_CONVERSION = YES;
				CLANG_WARN_NON_LITERAL_NULL_CONVERSION = YES;
				CLANG_WARN_OBJC_IMPLICIT_RETAIN_SELF = YES;
				CLANG_WARN_OBJC_LITERAL_CONVERSION = YES;
				CLANG_WARN_OBJC_ROOT_CLASS = YES_ERROR;
				CLANG_WARN_QUOTED_INCLUDE_IN_FRAMEWORK_HEADER = YES;
				CLANG_WARN_RANGE_LOOP_ANALYSIS = YES;
				CLANG_WARN_STRICT_PROTOTYPES = YES;
				CLANG_WARN_SUSPICIOUS_MOVE = YES;
				CLANG_WARN_UNGUARDED_AVAILABILITY = YES_AGGRESSIVE;
				CLANG_WARN_UNREACHABLE_CODE = YES;
				CLANG_WARN__DUPLICATE_METHOD_MATCH = YES;
				CODE_SIGN_STYLE = Automatic;
				COPY_PHASE_STRIP = NO;
				CURRENT_PROJECT_VERSION = 1;
				DEBUG_INFORMATION_FORMAT = dwarf;
				DEVELOPMENT_TEAM = "";
				ENABLE_STRICT_OBJC_MSGSEND = YES;
				ENABLE_TESTABILITY = YES;
				GCC_C_LANGUAGE_STANDARD = gnu11;
				GCC_DYNAMIC_NO_PIC = NO;
				GCC_NO_COMMON_BLOCKS = YES;
				GCC_OPTIMIZATION_LEVEL = 0;
				GCC_PREPROCESSOR_DEFINITIONS = (
					"$(inherited)",
					"DEBUG=1",
				);
				GCC_WARN_64_TO_32_BIT_CONVERSION = YES;
				GCC_WARN_ABOUT_RETURN_TYPE = YES_ERROR;
				GCC_WARN_UNDECLARED_SELECTOR = YES;
				GCC_WARN_UNINITIALIZED_AUTOS = YES_AGGRESSIVE;
				GCC_WARN_UNUSED_FUNCTION = YES;
				GCC_WARN_UNUSED_VARIABLE = YES;
				IPHONEOS_DEPLOYMENT_TARGET = 17.0;
				MARKETING_VERSION = 1.0;
				MTL_ENABLE_DEBUG_INFO = INCLUDE_SOURCE;
				MTL_FAST_MATH = YES;
				ONLY_ACTIVE_ARCH = YES;
				PRODUCT_NAME = "$(TARGET_NAME)";
				SDKROOT = iphoneos;
				SWIFT_ACTIVE_COMPILATION_CONDITIONS = DEBUG;
				SWIFT_OPTIMIZATION_LEVEL = "-Onone";
				SWIFT_VERSION = 5.0;
			};
			name = Debug;
		};
/* End XCBuildConfiguration section */

/* Begin XCConfigurationList section */
		0A33ABAEC3608D32225D37C7 /* Build configuration list for PBXNativeTarget "Weave" */ = {
			isa = XCConfigurationList;
			buildConfigurations = (
				1DD1B576BC4E94A14C76960D /* Debug */,
				6860444FB892A0ECF8F650A1 /* Release */,
			);
			defaultConfigurationIsVisible = 0;
			defaultConfigurationName = Debug;
		};
		132781DA7C476CC0AB8FA000 /* Build configuration list for PBXNativeTarget "WeaveWidget" */ = {
			isa = XCConfigurationList;
			buildConfigurations = (
				73BE6F0E75F769471E917290 /* Debug */,
				A457647A3021384FD94E713E /* Release */,
			);
			defaultConfigurationIsVisible = 0;
			defaultConfigurationName = Debug;
		};
		D9429048AD0514396CB04327 /* Build configuration list for PBXNativeTarget "WeaveUITests" */ = {
			isa = XCConfigurationList;
			buildConfigurations = (
				0B9E0915EA5663DECA527A6B /* Debug */,
				C55D069A55210EE2B3624E6B /* Release */,
			);
			defaultConfigurationIsVisible = 0;
			defaultConfigurationName = Debug;
		};
		FE709B8EF498FA4385D1785E /* Build configuration list for PBXProject "Weave" */ = {
			isa = XCConfigurationList;
			buildConfigurations = (
				CFF2C4F1D5F1C76D0BC99B2B /* Debug */,
				8777FF7C9E93B6C976BF1865 /* Release */,
			);
			defaultConfigurationIsVisible = 0;
			defaultConfigurationName = Debug;
		};
/* End XCConfigurationList section */
	};
	rootObject = 47A32A8B085F929D0C504AD7 /* Project object */;
}
